// !$*UTF8*$!
{
	archiveVersion = 1;
	classes = {
	};
	objectVersion = 46;
	objects = {

/* Begin PBXBuildFile section */
		7BCAD84F1D348F0F0053402D /* AppDelegate.swift in Sources */ = {isa = PBXBuildFile; fileRef = 7BCAD84E1D348F0F0053402D /* AppDelegate.swift */; };
		7BCAD8511D348F0F0053402D /* ViewController.swift in Sources */ = {isa = PBXBuildFile; fileRef = 7BCAD8501D348F0F0053402D /* ViewController.swift */; };
		7BCAD8541D348F0F0053402D /* Main.storyboard in Resources */ = {isa = PBXBuildFile; fileRef = 7BCAD8521D348F0F0053402D /* Main.storyboard */; };
		7BCAD8561D348F0F0053402D /* Assets.xcassets in Resources */ = {isa = PBXBuildFile; fileRef = 7BCAD8551D348F0F0053402D /* Assets.xcassets */; };
		7BCAD8591D348F0F0053402D /* LaunchScreen.storyboard in Resources */ = {isa = PBXBuildFile; fileRef = 7BCAD8571D348F0F0053402D /* LaunchScreen.storyboard */; };
		7BCAD8641D348F0F0053402D /* User_PasLessonTests.swift in Sources */ = {isa = PBXBuildFile; fileRef = 7BCAD8631D348F0F0053402D /* User_PasLessonTests.swift */; };
		7BCAD86F1D348F0F0053402D /* User_PasLessonUITests.swift in Sources */ = {isa = PBXBuildFile; fileRef = 7BCAD86E1D348F0F0053402D /* User_PasLessonUITests.swift */; };
/* End PBXBuildFile section */

/* Begin PBXContainerItemProxy section */
		7BCAD8601D348F0F0053402D /* PBXContainerItemProxy */ = {
			isa = PBXContainerItemProxy;
			containerPortal = 7BCAD8431D348F0F0053402D /* Project object */;
			proxyType = 1;
			remoteGlobalIDString = 7BCAD84A1D348F0F0053402D;
			remoteInfo = "User&PasLesson";
		};
		7BCAD86B1D348F0F0053402D /* PBXContainerItemProxy */ = {
			isa = PBXContainerItemProxy;
			containerPortal = 7BCAD8431D348F0F0053402D /* Project object */;
			proxyType = 1;
			remoteGlobalIDString = 7BCAD84A1D348F0F0053402D;
			remoteInfo = "User&PasLesson";
		};
/* End PBXContainerItemProxy section */

/* Begin PBXFileReference section */
		7BCAD84B1D348F0F0053402D /* User&PasLesson.app */ = {isa = PBXFileReference; explicitFileType = wrapper.application; includeInIndex = 0; path = "User&PasLesson.app"; sourceTree = BUILT_PRODUCTS_DIR; };
		7BCAD84E1D348F0F0053402D /* AppDelegate.swift */ = {isa = PBXFileReference; lastKnownFileType = sourcecode.swift; path = AppDelegate.swift; sourceTree = "<group>"; };
		7BCAD8501D348F0F0053402D /* ViewController.swift */ = {isa = PBXFileReference; lastKnownFileType = sourcecode.swift; path = ViewController.swift; sourceTree = "<group>"; };
		7BCAD8531D348F0F0053402D /* Base */ = {isa = PBXFileReference; lastKnownFileType = file.storyboard; name = Base; path = Base.lproj/Main.storyboard; sourceTree = "<group>"; };
		7BCAD8551D348F0F0053402D /* Assets.xcassets */ = {isa = PBXFileReference; lastKnownFileType = folder.assetcatalog; path = Assets.xcassets; sourceTree = "<group>"; };
		7BCAD8581D348F0F0053402D /* Base */ = {isa = PBXFileReference; lastKnownFileType = file.storyboard; name = Base; path = Base.lproj/LaunchScreen.storyboard; sourceTree = "<group>"; };
		7BCAD85A1D348F0F0053402D /* Info.plist */ = {isa = PBXFileReference; lastKnownFileType = text.plist.xml; path = Info.plist; sourceTree = "<group>"; };
		7BCAD85F1D348F0F0053402D /* User&PasLessonTests.xctest */ = {isa = PBXFileReference; explicitFileType = wrapper.cfbundle; includeInIndex = 0; path = "User&PasLessonTests.xctest"; sourceTree = BUILT_PRODUCTS_DIR; };
		7BCAD8631D348F0F0053402D /* User_PasLessonTests.swift */ = {isa = PBXFileReference; lastKnownFileType = sourcecode.swift; path = User_PasLessonTests.swift; sourceTree = "<group>"; };
		7BCAD8651D348F0F0053402D /* Info.plist */ = {isa = PBXFileReference; lastKnownFileType = text.plist.xml; path = Info.plist; sourceTree = "<group>"; };
		7BCAD86A1D348F0F0053402D /* User&PasLessonUITests.xctest */ = {isa = PBXFileReference; explicitFileType = wrapper.cfbundle; includeInIndex = 0; path = "User&PasLessonUITests.xctest"; sourceTree = BUILT_PRODUCTS_DIR; };
		7BCAD86E1D348F0F0053402D /* User_PasLessonUITests.swift */ = {isa = PBXFileReference; lastKnownFileType = sourcecode.swift; path = User_PasLessonUITests.swift; sourceTree = "<group>"; };
		7BCAD8701D348F0F0053402D /* Info.plist */ = {isa = PBXFileReference; lastKnownFileType = text.plist.xml; path = Info.plist; sourceTree = "<group>"; };
/* End PBXFileReference section */

/* Begin PBXFrameworksBuildPhase section */
		7BCAD8481D348F0F0053402D /* Frameworks */ = {
			isa = PBXFrameworksBuildPhase;
			buildActionMask = 2147483647;
			files = (
			);
			runOnlyForDeploymentPostprocessing = 0;
		};
		7BCAD85C1D348F0F0053402D /* Frameworks */ = {
			isa = PBXFrameworksBuildPhase;
			buildActionMask = 2147483647;
			files = (
			);
			runOnlyForDeploymentPostprocessing = 0;
		};
		7BCAD8671D348F0F0053402D /* Frameworks */ = {
			isa = PBXFrameworksBuildPhase;
			buildActionMask = 2147483647;
			files = (
			);
			runOnlyForDeploymentPostprocessing = 0;
		};
/* End PBXFrameworksBuildPhase section */

/* Begin PBXGroup section */
		7BCAD8421D348F0F0053402D = {
			isa = PBXGroup;
			children = (
				7BCAD84D1D348F0F0053402D /* User&PasLesson */,
				7BCAD8621D348F0F0053402D /* User&PasLessonTests */,
				7BCAD86D1D348F0F0053402D /* User&PasLessonUITests */,
				7BCAD84C1D348F0F0053402D /* Products */,
			);
			sourceTree = "<group>";
		};
		7BCAD84C1D348F0F0053402D /* Products */ = {
			isa = PBXGroup;
			children = (
				7BCAD84B1D348F0F0053402D /* User&PasLesson.app */,
				7BCAD85F1D348F0F0053402D /* User&PasLessonTests.xctest */,
				7BCAD86A1D348F0F0053402D /* User&PasLessonUITests.xctest */,
			);
			name = Products;
			sourceTree = "<group>";
		};
		7BCAD84D1D348F0F0053402D /* User&PasLesson */ = {
			isa = PBXGroup;
			children = (
				7BCAD84E1D348F0F0053402D /* AppDelegate.swift */,
				7BCAD8501D348F0F0053402D /* ViewController.swift */,
				7BCAD8521D348F0F0053402D /* Main.storyboard */,
				7BCAD8551D348F0F0053402D /* Assets.xcassets */,
				7BCAD8571D348F0F0053402D /* LaunchScreen.storyboard */,
				7BCAD85A1D348F0F0053402D /* Info.plist */,
			);
			path = "User&PasLesson";
			sourceTree = "<group>";
		};
		7BCAD8621D348F0F0053402D /* User&PasLessonTests */ = {
			isa = PBXGroup;
			children = (
				7BCAD8631D348F0F0053402D /* User_PasLessonTests.swift */,
				7BCAD8651D348F0F0053402D /* Info.plist */,
			);
			path = "User&PasLessonTests";
			sourceTree = "<group>";
		};
		7BCAD86D1D348F0F0053402D /* User&PasLessonUITests */ = {
			isa = PBXGroup;
			children = (
				7BCAD86E1D348F0F0053402D /* User_PasLessonUITests.swift */,
				7BCAD8701D348F0F0053402D /* Info.plist */,
			);
			path = "User&PasLessonUITests";
			sourceTree = "<group>";
		};
/* End PBXGroup section */

/* Begin PBXNativeTarget section */
		7BCAD84A1D348F0F0053402D /* User&PasLesson */ = {
			isa = PBXNativeTarget;
			buildConfigurationList = 7BCAD8731D348F0F0053402D /* Build configuration list for PBXNativeTarget "User&PasLesson" */;
			buildPhases = (
				7BCAD8471D348F0F0053402D /* Sources */,
				7BCAD8481D348F0F0053402D /* Frameworks */,
				7BCAD8491D348F0F0053402D /* Resources */,
			);
			buildRules = (
			);
			dependencies = (
			);
			name = "User&PasLesson";
			productName = "User&PasLesson";
			productReference = 7BCAD84B1D348F0F0053402D /* User&PasLesson.app */;
			productType = "com.apple.product-type.application";
		};
		7BCAD85E1D348F0F0053402D /* User&PasLessonTests */ = {
			isa = PBXNativeTarget;
			buildConfigurationList = 7BCAD8761D348F0F0053402D /* Build configuration list for PBXNativeTarget "User&PasLessonTests" */;
			buildPhases = (
				7BCAD85B1D348F0F0053402D /* Sources */,
				7BCAD85C1D348F0F0053402D /* Frameworks */,
				7BCAD85D1D348F0F0053402D /* Resources */,
			);
			buildRules = (
			);
			dependencies = (
				7BCAD8611D348F0F0053402D /* PBXTargetDependency */,
			);
			name = "User&PasLessonTests";
			productName = "User&PasLessonTests";
			productReference = 7BCAD85F1D348F0F0053402D /* User&PasLessonTests.xctest */;
			productType = "com.apple.product-type.bundle.unit-test";
		};
		7BCAD8691D348F0F0053402D /* User&PasLessonUITests */ = {
			isa = PBXNativeTarget;
			buildConfigurationList = 7BCAD8791D348F0F0053402D /* Build configuration list for PBXNativeTarget "User&PasLessonUITests" */;
			buildPhases = (
				7BCAD8661D348F0F0053402D /* Sources */,
				7BCAD8671D348F0F0053402D /* Frameworks */,
				7BCAD8681D348F0F0053402D /* Resources */,
			);
			buildRules = (
			);
			dependencies = (
				7BCAD86C1D348F0F0053402D /* PBXTargetDependency */,
			);
			name = "User&PasLessonUITests";
			productName = "User&PasLessonUITests";
			productReference = 7BCAD86A1D348F0F0053402D /* User&PasLessonUITests.xctest */;
			productType = "com.apple.product-type.bundle.ui-testing";
		};
/* End PBXNativeTarget section */

/* Begin PBXProject section */
		7BCAD8431D348F0F0053402D /* Project object */ = {
			isa = PBXProject;
			attributes = {
				LastSwiftUpdateCheck = 0730;
				LastUpgradeCheck = 0730;
				ORGANIZATIONNAME = VikPik;
				TargetAttributes = {
					7BCAD84A1D348F0F0053402D = {
						CreatedOnToolsVersion = 7.3.1;
					};
					7BCAD85E1D348F0F0053402D = {
						CreatedOnToolsVersion = 7.3.1;
						TestTargetID = 7BCAD84A1D348F0F0053402D;
					};
					7BCAD8691D348F0F0053402D = {
						CreatedOnToolsVersion = 7.3.1;
						TestTargetID = 7BCAD84A1D348F0F0053402D;
					};
				};
			};
			buildConfigurationList = 7BCAD8461D348F0F0053402D /* Build configuration list for PBXProject "User&PasLesson" */;
			compatibilityVersion = "Xcode 3.2";
			developmentRegion = English;
			hasScannedForEncodings = 0;
			knownRegions = (
				en,
				Base,
			);
			mainGroup = 7BCAD8421D348F0F0053402D;
			productRefGroup = 7BCAD84C1D348F0F0053402D /* Products */;
			projectDirPath = "";
			projectRoot = "";
			targets = (
				7BCAD84A1D348F0F0053402D /* User&PasLesson */,
				7BCAD85E1D348F0F0053402D /* User&PasLessonTests */,
				7BCAD8691D348F0F0053402D /* User&PasLessonUITests */,
			);
		};
/* End PBXProject section */

/* Begin PBXResourcesBuildPhase section */
		7BCAD8491D348F0F0053402D /* Resources */ = {
			isa = PBXResourcesBuildPhase;
			buildActionMask = 2147483647;
			files = (
				7BCAD8591D348F0F0053402D /* LaunchScreen.storyboard in Resources */,
				7BCAD8561D348F0F0053402D /* Assets.xcassets in Resources */,
				7BCAD8541D348F0F0053402D /* Main.storyboard in Resources */,
			);
			runOnlyForDeploymentPostprocessing = 0;
		};
		7BCAD85D1D348F0F0053402D /* Resources */ = {
			isa = PBXResourcesBuildPhase;
			buildActionMask = 2147483647;
			files = (
			);
			runOnlyForDeploymentPostprocessing = 0;
		};
		7BCAD8681D348F0F0053402D /* Resources */ = {
			isa = PBXResourcesBuildPhase;
			buildActionMask = 2147483647;
			files = (
			);
			runOnlyForDeploymentPostprocessing = 0;
		};
/* End PBXResourcesBuildPhase section */

/* Begin PBXSourcesBuildPhase section */
		7BCAD8471D348F0F0053402D /* Sources */ = {
			isa = PBXSourcesBuildPhase;
			buildActionMask = 2147483647;
			files = (
				7BCAD8511D348F0F0053402D /* ViewController.swift in Sources */,
				7BCAD84F1D348F0F0053402D /* AppDelegate.swift in Sources */,
			);
			runOnlyForDeploymentPostprocessing = 0;
		};
		7BCAD85B1D348F0F0053402D /* Sources */ = {
			isa = PBXSourcesBuildPhase;
			buildActionMask = 2147483647;
			files = (
				7BCAD8641D348F0F0053402D /* User_PasLessonTests.swift in Sources */,
			);
			runOnlyForDeploymentPostprocessing = 0;
		};
		7BCAD8661D348F0F0053402D /* Sources */ = {
			isa = PBXSourcesBuildPhase;
			buildActionMask = 2147483647;
			files = (
				7BCAD86F1D348F0F0053402D /* User_PasLessonUITests.swift in Sources */,
			);
			runOnlyForDeploymentPostprocessing = 0;
		};
/* End PBXSourcesBuildPhase section */

/* Begin PBXTargetDependency section */
		7BCAD8611D348F0F0053402D /* PBXTargetDependency */ = {
			isa = PBXTargetDependency;
			target = 7BCAD84A1D348F0F0053402D /* User&PasLesson */;
			targetProxy = 7BCAD8601D348F0F0053402D /* PBXContainerItemProxy */;
		};
		7BCAD86C1D348F0F0053402D /* PBXTargetDependency */ = {
			isa = PBXTargetDependency;
			target = 7BCAD84A1D348F0F0053402D /* User&PasLesson */;
			targetProxy = 7BCAD86B1D348F0F0053402D /* PBXContainerItemProxy */;
		};
/* End PBXTargetDependency section */

/* Begin PBXVariantGroup section */
		7BCAD8521D348F0F0053402D /* Main.storyboard */ = {
			isa = PBXVariantGroup;
			children = (
				7BCAD8531D348F0F0053402D /* Base */,
			);
			name = Main.storyboard;
			sourceTree = "<group>";
		};
		7BCAD8571D348F0F0053402D /* LaunchScreen.storyboard */ = {
			isa = PBXVariantGroup;
			children = (
				7BCAD8581D348F0F0053402D /* Base */,
			);
			name = LaunchScreen.storyboard;
			sourceTree = "<group>";
		};
/* End PBXVariantGroup section */

/* Begin XCBuildConfiguration section */
		7BCAD8711D348F0F0053402D /* Debug */ = {
			isa = XCBuildConfiguration;
			buildSettings = {
				ALWAYS_SEARCH_USER_PATHS = NO;
				CLANG_ANALYZER_NONNULL = YES;
				CLANG_CXX_LANGUAGE_STANDARD = "gnu++0x";
				CLANG_CXX_LIBRARY = "libc++";
				CLANG_ENABLE_MODULES = YES;
				CLANG_ENABLE_OBJC_ARC = YES;
				CLANG_WARN_BOOL_CONVERSION = YES;
				CLANG_WARN_CONSTANT_CONVERSION = YES;
				CLANG_WARN_DIRECT_OBJC_ISA_USAGE = YES_ERROR;
				CLANG_WARN_EMPTY_BODY = YES;
				CLANG_WARN_ENUM_CONVERSION = YES;
				CLANG_WARN_INT_CONVERSION = YES;
				CLANG_WARN_OBJC_ROOT_CLASS = YES_ERROR;
				CLANG_WARN_UNREACHABLE_CODE = YES;
				CLANG_WARN__DUPLICATE_METHOD_MATCH = YES;
				"CODE_SIGN_IDENTITY[sdk=iphoneos*]" = "iPhone Developer";
				COPY_PHASE_STRIP = NO;
				DEBUG_INFORMATION_FORMAT = dwarf;
				ENABLE_STRICT_OBJC_MSGSEND = YES;
				ENABLE_TESTABILITY = YES;
				GCC_C_LANGUAGE_STANDARD = gnu99;
				GCC_DYNAMIC_NO_PIC = NO;
				GCC_NO_COMMON_BLOCKS = YES;
				GCC_OPTIMIZATION_LEVEL = 0;
				GCC_PREPROCESSOR_DEFINITIONS = (
					"DEBUG=1",
					"$(inherited)",
				);
				GCC_WARN_64_TO_32_BIT_CONVERSION = YES;
				GCC_WARN_ABOUT_RETURN_TYPE = YES_ERROR;
				GCC_WARN_UNDECLARED_SELECTOR = YES;
				GCC_WARN_UNINITIALIZED_AUTOS = YES_AGGRESSIVE;
				GCC_WARN_UNUSED_FUNCTION = YES;
				GCC_WARN_UNUSED_VARIABLE = YES;
				IPHONEOS_DEPLOYMENT_TARGET = 9.3;
				MTL_ENABLE_DEBUG_INFO = YES;
				ONLY_ACTIVE_ARCH = YES;
				SDKROOT = iphoneos;
				SWIFT_OPTIMIZATION_LEVEL = "-Onone";
			};
			name = Debug;
		};
		7BCAD8721D348F0F0053402D /* Release */ = {
			isa = XCBuildConfiguration;
			buildSettings = {
				ALWAYS_SEARCH_USER_PATHS = NO;
				CLANG_ANALYZER_NONNULL = YES;
				CLANG_CXX_LANGUAGE_STANDARD = "gnu++0x";
				CLANG_CXX_LIBRARY = "libc++";
				CLANG_ENABLE_MODULES = YES;
				CLANG_ENABLE_OBJC_ARC = YES;
				CLANG_WARN_BOOL_CONVERSION = YES;
				CLANG_WARN_CONSTANT_CONVERSION = YES;
				CLANG_WARN_DIRECT_OBJC_ISA_USAGE = YES_ERROR;
				CLANG_WARN_EMPTY_BODY = YES;
				CLANG_WARN_ENUM_CONVERSION = YES;
				CLANG_WARN_INT_CONVERSION = YES;
				CLANG_WARN_OBJC_ROOT_CLASS = YES_ERROR;
				CLANG_WARN_UNREACHABLE_CODE = YES;
				CLANG_WARN__DUPLICATE_METHOD_MATCH = YES;
				"CODE_SIGN_IDENTITY[sdk=iphoneos*]" = "iPhone Developer";
				COPY_PHASE_STRIP = NO;
				DEBUG_INFORMATION_FORMAT = "dwarf-with-dsym";
				ENABLE_NS_ASSERTIONS = NO;
				ENABLE_STRICT_OBJC_MSGSEND = YES;
				GCC_C_LANGUAGE_STANDARD = gnu99;
				GCC_NO_COMMON_BLOCKS = YES;
				GCC_WARN_64_TO_32_BIT_CONVERSION = YES;
				GCC_WARN_ABOUT_RETURN_TYPE = YES_ERROR;
				GCC_WARN_UNDECLARED_SELECTOR = YES;
				GCC_WARN_UNINITIALIZED_AUTOS = YES_AGGRESSIVE;
				GCC_WARN_UNUSED_FUNCTION = YES;
				GCC_WARN_UNUSED_VARIABLE = YES;
				IPHONEOS_DEPLOYMENT_TARGET = 9.3;
				MTL_ENABLE_DEBUG_INFO = NO;
				SDKROOT = iphoneos;
				VALIDATE_PRODUCT = YES;
			};
			name = Release;
		};
		7BCAD8741D348F0F0053402D /* Debug */ = {
			isa = XCBuildConfiguration;
			buildSettings = {
				ASSETCATALOG_COMPILER_APPICON_NAME = AppIcon;
				INFOPLIST_FILE = "User&PasLesson/Info.plist";
				LD_RUNPATH_SEARCH_PATHS = "$(inherited) @executable_path/Frameworks";
				PRODUCT_BUNDLE_IDENTIFIER = "AVA.User-PasLesson";
				PRODUCT_NAME = "$(TARGET_NAME)";
			};
			name = Debug;
		};
		7BCAD8751D348F0F0053402D /* Release */ = {
			isa = XCBuildConfiguration;
			buildSettings = {
				ASSETCATALOG_COMPILER_APPICON_NAME = AppIcon;
				INFOPLIST_FILE = "User&PasLesson/Info.plist";
				LD_RUNPATH_SEARCH_PATHS = "$(inherited) @executable_path/Frameworks";
				PRODUCT_BUNDLE_IDENTIFIER = "AVA.User-PasLesson";
				PRODUCT_NAME = "$(TARGET_NAME)";
			};
			name = Release;
		};
		7BCAD8771D348F0F0053402D /* Debug */ = {
			isa = XCBuildConfiguration;
			buildSettings = {
				BUNDLE_LOADER = "$(TEST_HOST)";
				INFOPLIST_FILE = "User&PasLessonTests/Info.plist";
				LD_RUNPATH_SEARCH_PATHS = "$(inherited) @executable_path/Frameworks @loader_path/Frameworks";
				PRODUCT_BUNDLE_IDENTIFIER = "AVA.User-PasLessonTests";
				PRODUCT_NAME = "$(TARGET_NAME)";
				TEST_HOST = "$(BUILT_PRODUCTS_DIR)/User&PasLesson.app/User&PasLesson";
			};
			name = Debug;
		};
		7BCAD8781D348F0F0053402D /* Release */ = {
			isa = XCBuildConfiguration;
			buildSettings = {
				BUNDLE_LOADER = "$(TEST_HOST)";
				INFOPLIST_FILE = "User&PasLessonTests/Info.plist";
				LD_RUNPATH_SEARCH_PATHS = "$(inherited) @executable_path/Frameworks @loader_path/Frameworks";
				PRODUCT_BUNDLE_IDENTIFIER = "AVA.User-PasLessonTests";
				PRODUCT_NAME = "$(TARGET_NAME)";
				TEST_HOST = "$(BUILT_PRODUCTS_DIR)/User&PasLesson.app/User&PasLesson";
			};
			name = Release;
		};
		7BCAD87A1D348F0F0053402D /* Debug */ = {
			isa = XCBuildConfiguration;
			buildSettings = {
				INFOPLIST_FILE = "User&PasLessonUITests/Info.plist";
				LD_RUNPATH_SEARCH_PATHS = "$(inherited) @executable_path/Frameworks @loader_path/Frameworks";
				PRODUCT_BUNDLE_IDENTIFIER = "AVA.User-PasLessonUITests";
				PRODUCT_NAME = "$(TARGET_NAME)";
				TEST_TARGET_NAME = "User&PasLesson";
			};
			name = Debug;
		};
		7BCAD87B1D348F0F0053402D /* Release */ = {
			isa = XCBuildConfiguration;
			buildSettings = {
				INFOPLIST_FILE = "User&PasLessonUITests/Info.plist";
				LD_RUNPATH_SEARCH_PATHS = "$(inherited) @executable_path/Frameworks @loader_path/Frameworks";
				PRODUCT_BUNDLE_IDENTIFIER = "AVA.User-PasLessonUITests";
				PRODUCT_NAME = "$(TARGET_NAME)";
				TEST_TARGET_NAME = "User&PasLesson";
			};
			name = Release;
		};
/* End XCBuildConfiguration section */

/* Begin XCConfigurationList section */
		7BCAD8461D348F0F0053402D /* Build configuration list for PBXProject "User&PasLesson" */ = {
			isa = XCConfigurationList;
			buildConfigurations = (
				7BCAD8711D348F0F0053402D /* Debug */,
				7BCAD8721D348F0F0053402D /* Release */,
			);
			defaultConfigurationIsVisible = 0;
			defaultConfigurationName = Release;
		};
		7BCAD8731D348F0F0053402D /* Build configuration list for PBXNativeTarget "User&PasLesson" */ = {
			isa = XCConfigurationList;
			buildConfigurations = (
				7BCAD8741D348F0F0053402D /* Debug */,
				7BCAD8751D348F0F0053402D /* Release */,
			);
			defaultConfigurationIsVisible = 0;
		};
		7BCAD8761D348F0F0053402D /* Build configuration list for PBXNativeTarget "User&PasLessonTests" */ = {
			isa = XCConfigurationList;
			buildConfigurations = (
				7BCAD8771D348F0F0053402D /* Debug */,
				7BCAD8781D348F0F0053402D /* Release */,
			);
			defaultConfigurationIsVisible = 0;
		};
		7BCAD8791D348F0F0053402D /* Build configuration list for PBXNativeTarget "User&PasLessonUITests" */ = {
			isa = XCConfigurationList;
			buildConfigurations = (
				7BCAD87A1D348F0F0053402D /* Debug */,
				7BCAD87B1D348F0F0053402D /* Release */,
			);
			defaultConfigurationIsVisible = 0;
		};
/* End XCConfigurationList section */
	};
	rootObject = 7BCAD8431D348F0F0053402D /* Project object */;
}
